Microsoft Visual Studio Solution File, Format Version 12.00
# Visual Studio 2012
Project("{FAE04EC0-301F-11D3-BF4B-00C04F79EFBC}") = "RPGG", "RPGG.csproj", "{B3FF1AC3-EE3A-4F3C-9AE4-2EBE2847EF8C}"
EndProject
Global
	GlobalSection(SolutionConfigurationPlatforms) = preSolution
	Debug|Any CPU = Debug|Any CPU
	ExportDebug|Any CPU = ExportDebug|Any CPU
	ExportRelease|Any CPU = ExportRelease|Any CPU
	EndGlobalSection
	GlobalSection(ProjectConfigurationPlatforms) = postSolution
		{B3FF1AC3-EE3A-4F3C-9AE4-2EBE2847EF8C}.Debug|Any CPU.ActiveCfg = Debug|Any CPU
		{B3FF1AC3-EE3A-4F3C-9AE4-2EBE2847EF8C}.Debug|Any CPU.Build.0 = Debug|Any CPU
		{B3FF1AC3-EE3A-4F3C-9AE4-2EBE2847EF8C}.ExportDebug|Any CPU.ActiveCfg = ExportDebug|Any CPU
		{B3FF1AC3-EE3A-4F3C-9AE4-2EBE2847EF8C}.ExportDebug|Any CPU.Build.0 = ExportDebug|Any CPU
		{B3FF1AC3-EE3A-4F3C-9AE4-2EBE2847EF8C}.ExportRelease|Any CPU.ActiveCfg = ExportRelease|Any CPU
		{B3FF1AC3-EE3A-4F3C-9AE4-2EBE2847EF8C}.ExportRelease|Any CPU.Build.0 = ExportRelease|Any CPU
	EndGlobalSection
EndGlobal
